
Microsoft Visual Studio Solution File, Format Version 12.00
# Visual Studio Version 16
VisualStudioVersion = 16.0.31624.102
MinimumVisualStudioVersion = 10.0.40219.1
Project("{FAE04EC0-301F-11D3-BF4B-00C04F79EFBC}") = "01.04.22", "01.04.22\01.04.22.csproj", "{19434EF1-08D8-4C99-B4AA-42A5E35E168F}"
EndProject
Global
	GlobalSection(SolutionConfigurationPlatforms) = preSolution
		Debug|Any CPU = Debug|Any CPU
		Release|Any CPU = Release|Any CPU
	EndGlobalSection
	GlobalSection(ProjectConfigurationPlatforms) = postSolution
		{19434EF1-08D8-4C99-B4AA-42A5E35E168F}.Debug|Any CPU.ActiveCfg = Debug|Any CPU
		{19434EF1-08D8-4C99-B4AA-42A5E35E168F}.Debug|Any CPU.Build.0 = Debug|Any CPU
		{19434EF1-08D8-4C99-B4AA-42A5E35E168F}.Release|Any CPU.ActiveCfg = Release|Any CPU
		{19434EF1-08D8-4C99-B4AA-42A5E35E168F}.Release|Any CPU.Build.0 = Release|Any CPU
	EndGlobalSection
	GlobalSection(SolutionProperties) = preSolution
		HideSolutionNode = FALSE
	EndGlobalSection
	GlobalSection(ExtensibilityGlobals) = postSolution
		SolutionGuid = {60E500D1-9C8A-40A3-8E39-653E777661C8}
	EndGlobalSection
EndGlobal
